
Microsoft Visual Studio Solution File, Format Version 12.00
# Visual Studio Version 16
VisualStudioVersion = 16.0.29911.84
MinimumVisualStudioVersion = 10.0.40219.1
Project("{FAE04EC0-301F-11D3-BF4B-00C04F79EFBC}") = "MicroserviceA", "MicroserviceA\MicroserviceA.csproj", "{C77E757D-F893-406B-934A-0BD76006D5B3}"
EndProject
Project("{FAE04EC0-301F-11D3-BF4B-00C04F79EFBC}") = "MicroserviceB", "MicroserviceB\MicroserviceB.csproj", "{74546156-7F76-402B-9A4A-1451266B366D}"
EndProject
Project("{9A19103F-16F7-4668-BE54-9A1E7A4F7556}") = "EventBus", "EventBus\EventBus.csproj", "{5EE4A2C6-AB3F-4A78-B0DF-2E8C0F121C09}"
EndProject
Global
	GlobalSection(SolutionConfigurationPlatforms) = preSolution
		Debug|Any CPU = Debug|Any CPU
		Release|Any CPU = Release|Any CPU
	EndGlobalSection
	GlobalSection(ProjectConfigurationPlatforms) = postSolution
		{C77E757D-F893-406B-934A-0BD76006D5B3}.Debug|Any CPU.ActiveCfg = Debug|Any CPU
		{C77E757D-F893-406B-934A-0BD76006D5B3}.Debug|Any CPU.Build.0 = Debug|Any CPU
		{C77E757D-F893-406B-934A-0BD76006D5B3}.Release|Any CPU.ActiveCfg = Release|Any CPU
		{C77E757D-F893-406B-934A-0BD76006D5B3}.Release|Any CPU.Build.0 = Release|Any CPU
		{74546156-7F76-402B-9A4A-1451266B366D}.Debug|Any CPU.ActiveCfg = Debug|Any CPU
		{74546156-7F76-402B-9A4A-1451266B366D}.Debug|Any CPU.Build.0 = Debug|Any CPU
		{74546156-7F76-402B-9A4A-1451266B366D}.Release|Any CPU.ActiveCfg = Release|Any CPU
		{74546156-7F76-402B-9A4A-1451266B366D}.Release|Any CPU.Build.0 = Release|Any CPU
		{5EE4A2C6-AB3F-4A78-B0DF-2E8C0F121C09}.Debug|Any CPU.ActiveCfg = Debug|Any CPU
		{5EE4A2C6-AB3F-4A78-B0DF-2E8C0F121C09}.Debug|Any CPU.Build.0 = Debug|Any CPU
		{5EE4A2C6-AB3F-4A78-B0DF-2E8C0F121C09}.Release|Any CPU.ActiveCfg = Release|Any CPU
		{5EE4A2C6-AB3F-4A78-B0DF-2E8C0F121C09}.Release|Any CPU.Build.0 = Release|Any CPU
	EndGlobalSection
	GlobalSection(SolutionProperties) = preSolution
		HideSolutionNode = FALSE
	EndGlobalSection
	GlobalSection(ExtensibilityGlobals) = postSolution
		SolutionGuid = {1FFC8CB3-5346-47D6-A14E-B346265D9675}
	EndGlobalSection
EndGlobal
